# This file is automatically @generated by Cargo.
# It is not intended for manual editing.
version = 3

[[package]]
name = "ash"
version = "0.38.0+1.3.281"
source = "registry+https://github.com/rust-lang/crates.io-index"
checksum = "0bb44936d800fea8f016d7f2311c6a4f97aebd5dc86f09906139ec848cf3a46f"

[[package]]
name = "cc"
version = "1.1.21"
source = "registry+https://github.com/rust-lang/crates.io-index"
checksum = "07b1695e2c7e8fc85310cde85aeaab7e3097f593c91d209d3f9df76c928100f0"
dependencies = [
 "shlex",
]

[[package]]
name = "cmake"
version = "0.1.51"
source = "registry+https://github.com/rust-lang/crates.io-index"
checksum = "fb1e43aa7fd152b1f968787f7dbcdeb306d1867ff373c69955211876c053f91a"
dependencies = [
 "cc",
]

[[package]]
name = "const-it"
version = "0.2.0"
source = "registry+https://github.com/rust-lang/crates.io-index"
checksum = "f2cb6b2bb0b3b03d18eb4feb1b0fe49df04ece2e656bbfdd77ea62ca111a1ba9"

[[package]]
name = "libc"
version = "0.2.161"
source = "registry+https://github.com/rust-lang/crates.io-index"
checksum = "8e9489c2807c139ffd9c1794f4af0ebe86a828db53ecdc7fea2111d0fed085d1"

[[package]]
name = "once_cell"
version = "1.20.2"
source = "registry+https://github.com/rust-lang/crates.io-index"
checksum = "1261fe7e33c73b354eab43b1273a57c8f967d0391e80353e51f764ac02cf6775"

[[package]]
name = "pkg-config"
version = "0.3.31"
source = "registry+https://github.com/rust-lang/crates.io-index"
checksum = "953ec861398dccce10c670dfeaf3ec4911ca479e9c02154b3a215178c5f566f2"

[[package]]
name = "proc-macro2"
version = "1.0.86"
source = "registry+https://github.com/rust-lang/crates.io-index"
checksum = "5e719e8df665df0d1c8fbfd238015744736151d4445ec0836b8e628aae103b77"
dependencies = [
 "unicode-ident",
]

[[package]]
name = "proclet"
version = "0.3.0"
source = "registry+https://github.com/rust-lang/crates.io-index"
checksum = "309f6258fa0d7b6a3fddb3a927af59a58f1970debaa9175ea09fa49a811b9dcd"
dependencies = [
 "proc-macro2",
]

[[package]]
name = "rpkg-config"
version = "0.1.2"
source = "registry+https://github.com/rust-lang/crates.io-index"
checksum = "5a2d2f3481209a6b42eec2fbb49063fb4e8d35b57023401495d4fe0f85c817f0"

[[package]]
name = "sdl3-main"
version = "0.1.1"
dependencies = [
 "sdl3-main-macros",
 "sdl3-sys",
]

[[package]]
name = "sdl3-main-macros"
version = "0.1.1"

[[package]]
name = "sdl3-src"
version = "3.1.6-preview-0"

[[package]]
name = "sdl3-sys"
version = "0.1.3+SDL3-preview-3.1.6"
dependencies = [
 "ash",
 "cmake",
 "libc",
 "pkg-config",
 "rpkg-config",
 "sdl3-main",
 "sdl3-src",
 "vcpkg",
 "windows-sys",
 "x11",
 "x11-dl",
]

[[package]]
name = "sdl3-sys-gen"
version = "0.1.0"
dependencies = [
 "const-it",
 "str-block",
]

[[package]]
name = "shlex"
version = "1.3.0"
source = "registry+https://github.com/rust-lang/crates.io-index"
checksum = "0fda2ff0d084019ba4d7c6f371c95d8fd75ce3524c3cb8fb653a3023f6323e64"

[[package]]
name = "str-block"
version = "0.1.2"
source = "registry+https://github.com/rust-lang/crates.io-index"
checksum = "c3bb3fc49213697b591fcd23e128104937a793cded7229926bbb879df8ccc4ca"
dependencies = [
 "proclet",
]

[[package]]
name = "unicode-ident"
version = "1.0.13"
source = "registry+https://github.com/rust-lang/crates.io-index"
checksum = "e91b56cd4cadaeb79bbf1a5645f6b4f8dc5bde8834ad5894a8db35fda9efa1fe"

[[package]]
name = "vcpkg"
version = "0.2.15"
source = "registry+https://github.com/rust-lang/crates.io-index"
checksum = "accd4ea62f7bb7a82fe23066fb0957d48ef677f6eeb8215f372f52e48bb32426"

[[package]]
name = "windows-sys"
version = "0.59.0"
source = "registry+https://github.com/rust-lang/crates.io-index"
checksum = "1e38bc4d79ed67fd075bcc251a1c39b32a1776bbe92e5bef1f0bf1f8c531853b"
dependencies = [
 "windows-targets",
]

[[package]]
name = "windows-targets"
version = "0.52.6"
source = "registry+https://github.com/rust-lang/crates.io-index"
checksum = "9b724f72796e036ab90c1021d4780d4d3d648aca59e491e6b98e725b84e99973"
dependencies = [
 "windows_aarch64_gnullvm",
 "windows_aarch64_msvc",
 "windows_i686_gnu",
 "windows_i686_gnullvm",
 "windows_i686_msvc",
 "windows_x86_64_gnu",
 "windows_x86_64_gnullvm",
 "windows_x86_64_msvc",
]

[[package]]
name = "windows_aarch64_gnullvm"
version = "0.52.6"
source = "registry+https://github.com/rust-lang/crates.io-index"
checksum = "32a4622180e7a0ec044bb555404c800bc9fd9ec262ec147edd5989ccd0c02cd3"

[[package]]
name = "windows_aarch64_msvc"
version = "0.52.6"
source = "registry+https://github.com/rust-lang/crates.io-index"
checksum = "09ec2a7bb152e2252b53fa7803150007879548bc709c039df7627cabbd05d469"

[[package]]
name = "windows_i686_gnu"
version = "0.52.6"
source = "registry+https://github.com/rust-lang/crates.io-index"
checksum = "8e9b5ad5ab802e97eb8e295ac6720e509ee4c243f69d781394014ebfe8bbfa0b"

[[package]]
name = "windows_i686_gnullvm"
version = "0.52.6"
source = "registry+https://github.com/rust-lang/crates.io-index"
checksum = "0eee52d38c090b3caa76c563b86c3a4bd71ef1a819287c19d586d7334ae8ed66"

[[package]]
name = "windows_i686_msvc"
version = "0.52.6"
source = "registry+https://github.com/rust-lang/crates.io-index"
checksum = "240948bc05c5e7c6dabba28bf89d89ffce3e303022809e73deaefe4f6ec56c66"

[[package]]
name = "windows_x86_64_gnu"
version = "0.52.6"
source = "registry+https://github.com/rust-lang/crates.io-index"
checksum = "147a5c80aabfbf0c7d901cb5895d1de30ef2907eb21fbbab29ca94c5b08b1a78"

[[package]]
name = "windows_x86_64_gnullvm"
version = "0.52.6"
source = "registry+https://github.com/rust-lang/crates.io-index"
checksum = "24d5b23dc417412679681396f2b49f3de8c1473deb516bd34410872eff51ed0d"

[[package]]
name = "windows_x86_64_msvc"
version = "0.52.6"
source = "registry+https://github.com/rust-lang/crates.io-index"
checksum = "589f6da84c646204747d1270a2a5661ea66ed1cced2631d546fdfb155959f9ec"

[[package]]
name = "x11"
version = "2.21.0"
source = "registry+https://github.com/rust-lang/crates.io-index"
checksum = "502da5464ccd04011667b11c435cb992822c2c0dbde1770c988480d312a0db2e"
dependencies = [
 "libc",
 "pkg-config",
]

[[package]]
name = "x11-dl"
version = "2.21.0"
source = "registry+https://github.com/rust-lang/crates.io-index"
checksum = "38735924fedd5314a6e548792904ed8c6de6636285cb9fec04d5b1db85c1516f"
dependencies = [
 "libc",
 "once_cell",
 "pkg-config",
]
