# This file is automatically @generated by Cargo.
# It is not intended for manual editing.
version = 3

[[package]]
name = "const-it"
version = "0.2.0"
source = "registry+https://github.com/rust-lang/crates.io-index"
checksum = "f2cb6b2bb0b3b03d18eb4feb1b0fe49df04ece2e656bbfdd77ea62ca111a1ba9"

[[package]]
name = "proc-macro2"
version = "1.0.86"
source = "registry+https://github.com/rust-lang/crates.io-index"
checksum = "5e719e8df665df0d1c8fbfd238015744736151d4445ec0836b8e628aae103b77"
dependencies = [
 "unicode-ident",
]

[[package]]
name = "proclet"
version = "0.3.0"
source = "registry+https://github.com/rust-lang/crates.io-index"
checksum = "309f6258fa0d7b6a3fddb3a927af59a58f1970debaa9175ea09fa49a811b9dcd"
dependencies = [
 "proc-macro2",
]

[[package]]
name = "sdl3-sys"
version = "0.0.10-dev+sdl3-prerelease-3.1.2-1857-g3bc2bd790"

[[package]]
name = "sdl3-sys-gen"
version = "0.1.0"
dependencies = [
 "const-it",
 "str-block",
]

[[package]]
name = "str-block"
version = "0.1.2"
source = "registry+https://github.com/rust-lang/crates.io-index"
checksum = "c3bb3fc49213697b591fcd23e128104937a793cded7229926bbb879df8ccc4ca"
dependencies = [
 "proclet",
]

[[package]]
name = "unicode-ident"
version = "1.0.13"
source = "registry+https://github.com/rust-lang/crates.io-index"
checksum = "e91b56cd4cadaeb79bbf1a5645f6b4f8dc5bde8834ad5894a8db35fda9efa1fe"
